{
  "name": "seance3",
  "version": "1.0.0",
  "lockfileVersion": 2,
  "requires": true,
  "packages": {
    "": {
      "name": "seance3",
      "version": "1.0.0",
      "license": "ISC",
      "dependencies": {
        "fibonacci": "^1.6.10"
      }
    },
    "node_modules/bn.js": {
      "version": "5.2.0",
      "resolved": "https://registry.npmjs.org/bn.js/-/bn.js-5.2.0.tgz",
      "integrity": "sha512-D7iWRBvnZE8ecXiLj/9wbxH7Tk79fAh8IHaTNq1RWRixsS02W+5qS+iE9yq6RYl0asXx5tw0bLhmT5pIfbSquw=="
    },
    "node_modules/fibonacci": {
      "version": "1.6.10",
      "resolved": "https://registry.npmjs.org/fibonacci/-/fibonacci-1.6.10.tgz",
      "integrity": "sha512-HSwfvCDd6wPotxPpBRWuMznR1zJtmSQhlfKFCcR+v0QDOvERofgugqpvaOsBkSSlHXW99iPrgWOd9xKRmC6+7w==",
      "dependencies": {
        "bn.js": "^5.2.0"
      },
      "engines": {
        "node": ">=12"
      }
    }
  },
  "dependencies": {
    "bn.js": {
      "version": "5.2.0",
      "resolved": "https://registry.npmjs.org/bn.js/-/bn.js-5.2.0.tgz",
      "integrity": "sha512-D7iWRBvnZE8ecXiLj/9wbxH7Tk79fAh8IHaTNq1RWRixsS02W+5qS+iE9yq6RYl0asXx5tw0bLhmT5pIfbSquw=="
    },
    "fibonacci": {
      "version": "1.6.10",
      "resolved": "https://registry.npmjs.org/fibonacci/-/fibonacci-1.6.10.tgz",
      "integrity": "sha512-HSwfvCDd6wPotxPpBRWuMznR1zJtmSQhlfKFCcR+v0QDOvERofgugqpvaOsBkSSlHXW99iPrgWOd9xKRmC6+7w==",
      "requires": {
        "bn.js": "^5.2.0"
      }
    }
  }
}
